
Microsoft Visual Studio Solution File, Format Version 12.00
# Visual Studio Version 17
VisualStudioVersion = 17.4.33205.214
MinimumVisualStudioVersion = 10.0.40219.1
Project("{8BC9CEB8-8B4A-11D0-8D11-00A0C91BC942}") = "ex02 형변환", "kimgunho2\kimgunho2.vcxproj", "{83B97D79-B860-42B2-9193-6E66B7AB96EB}"
EndProject
Project("{8BC9CEB8-8B4A-11D0-8D11-00A0C91BC942}") = "ex01 변수", "ex01 변수 c\ex01 변수 c.vcxproj", "{B79AD6DD-B59C-4D4B-BCC6-9B724BA12212}"
EndProject
Project("{8BC9CEB8-8B4A-11D0-8D11-00A0C91BC942}") = "ex03 연산자", "ex03 연산자\ex03 연산자.vcxproj", "{A46BC8FF-FCE5-45B1-A794-4301C23963C1}"
EndProject
Project("{8BC9CEB8-8B4A-11D0-8D11-00A0C91BC942}") = "ex04 제어문", "ex04 제어문\ex04 제어문.vcxproj", "{51BA80A9-3E2E-453C-9645-7579391D22C4}"
EndProject
Project("{8BC9CEB8-8B4A-11D0-8D11-00A0C91BC942}") = "ex05 비교, 증감, 논리, 삼항 조건연산자", "ex05 비교, 증감, 논리, 삼항 조건연산자\ex05 비교, 증감, 논리, 삼항 조건연산자.vcxproj", "{4997E454-B085-43DE-9882-972E8DD7CFAB}"
EndProject
Project("{8BC9CEB8-8B4A-11D0-8D11-00A0C91BC942}") = "ex06 2진법, 비트단위 연산자", "ex06 2진법, 비트단위 연산자\ex06 2진법, 비트단위 연산자.vcxproj", "{C75DD565-BC42-4225-B98E-F430D4794A24}"
EndProject
Project("{8BC9CEB8-8B4A-11D0-8D11-00A0C91BC942}") = "ex07 시프트 연산자", "ex07 시프트 연산자\ex07 시프트 연산자.vcxproj", "{39EC4662-351C-4322-94F7-CA7FAD0BF0B2}"
EndProject
Project("{8BC9CEB8-8B4A-11D0-8D11-00A0C91BC942}") = "ex08 조건문", "ex08 조건문\ex08 조건문.vcxproj", "{CF24E5FF-EACC-4049-9E8E-A28B8AE0895D}"
EndProject
Project("{8BC9CEB8-8B4A-11D0-8D11-00A0C91BC942}") = "ex09 반복문", "ex09 반복문\ex09 반복문.vcxproj", "{17466466-8A1D-4A89-8020-393FC2AB64F2}"
EndProject
Project("{8BC9CEB8-8B4A-11D0-8D11-00A0C91BC942}") = "ex10 배열,선언,초기화,접근", "ex10\ex10.vcxproj", "{F530006A-AFF0-4D27-8026-ABCA6461DB70}"
EndProject
Project("{8BC9CEB8-8B4A-11D0-8D11-00A0C91BC942}") = "ex11 포인터 변수", "ex11\ex11.vcxproj", "{B7B84146-F514-480E-A9B2-C5E99ED47606}"
EndProject
Project("{8BC9CEB8-8B4A-11D0-8D11-00A0C91BC942}") = "ex12 다차원 배열", "ex112\ex112.vcxproj", "{02F9804C-4241-40F5-804E-14993681E0CD}"
EndProject
Project("{8BC9CEB8-8B4A-11D0-8D11-00A0C91BC942}") = "ex13 배열 포인터", "ex12\ex12.vcxproj", "{A0EA3C4B-0A4D-48C8-8563-9654D7C9290B}"
EndProject
Project("{8BC9CEB8-8B4A-11D0-8D11-00A0C91BC942}") = "ex14 문자열 배열", "ex14\ex14.vcxproj", "{2E051582-719F-4F30-8BFB-F9EBC2A8D622}"
EndProject
Global
	GlobalSection(SolutionConfigurationPlatforms) = preSolution
		Debug|x64 = Debug|x64
		Debug|x86 = Debug|x86
		Release|x64 = Release|x64
		Release|x86 = Release|x86
	EndGlobalSection
	GlobalSection(ProjectConfigurationPlatforms) = postSolution
		{83B97D79-B860-42B2-9193-6E66B7AB96EB}.Debug|x64.ActiveCfg = Debug|x64
		{83B97D79-B860-42B2-9193-6E66B7AB96EB}.Debug|x64.Build.0 = Debug|x64
		{83B97D79-B860-42B2-9193-6E66B7AB96EB}.Debug|x86.ActiveCfg = Debug|Win32
		{83B97D79-B860-42B2-9193-6E66B7AB96EB}.Debug|x86.Build.0 = Debug|Win32
		{83B97D79-B860-42B2-9193-6E66B7AB96EB}.Release|x64.ActiveCfg = Release|x64
		{83B97D79-B860-42B2-9193-6E66B7AB96EB}.Release|x64.Build.0 = Release|x64
		{83B97D79-B860-42B2-9193-6E66B7AB96EB}.Release|x86.ActiveCfg = Release|Win32
		{83B97D79-B860-42B2-9193-6E66B7AB96EB}.Release|x86.Build.0 = Release|Win32
		{B79AD6DD-B59C-4D4B-BCC6-9B724BA12212}.Debug|x64.ActiveCfg = Debug|x64
		{B79AD6DD-B59C-4D4B-BCC6-9B724BA12212}.Debug|x64.Build.0 = Debug|x64
		{B79AD6DD-B59C-4D4B-BCC6-9B724BA12212}.Debug|x86.ActiveCfg = Debug|Win32
		{B79AD6DD-B59C-4D4B-BCC6-9B724BA12212}.Debug|x86.Build.0 = Debug|Win32
		{B79AD6DD-B59C-4D4B-BCC6-9B724BA12212}.Release|x64.ActiveCfg = Release|x64
		{B79AD6DD-B59C-4D4B-BCC6-9B724BA12212}.Release|x64.Build.0 = Release|x64
		{B79AD6DD-B59C-4D4B-BCC6-9B724BA12212}.Release|x86.ActiveCfg = Release|Win32
		{B79AD6DD-B59C-4D4B-BCC6-9B724BA12212}.Release|x86.Build.0 = Release|Win32
		{A46BC8FF-FCE5-45B1-A794-4301C23963C1}.Debug|x64.ActiveCfg = Debug|x64
		{A46BC8FF-FCE5-45B1-A794-4301C23963C1}.Debug|x64.Build.0 = Debug|x64
		{A46BC8FF-FCE5-45B1-A794-4301C23963C1}.Debug|x86.ActiveCfg = Debug|Win32
		{A46BC8FF-FCE5-45B1-A794-4301C23963C1}.Debug|x86.Build.0 = Debug|Win32
		{A46BC8FF-FCE5-45B1-A794-4301C23963C1}.Release|x64.ActiveCfg = Release|x64
		{A46BC8FF-FCE5-45B1-A794-4301C23963C1}.Release|x64.Build.0 = Release|x64
		{A46BC8FF-FCE5-45B1-A794-4301C23963C1}.Release|x86.ActiveCfg = Release|Win32
		{A46BC8FF-FCE5-45B1-A794-4301C23963C1}.Release|x86.Build.0 = Release|Win32
		{51BA80A9-3E2E-453C-9645-7579391D22C4}.Debug|x64.ActiveCfg = Debug|x64
		{51BA80A9-3E2E-453C-9645-7579391D22C4}.Debug|x64.Build.0 = Debug|x64
		{51BA80A9-3E2E-453C-9645-7579391D22C4}.Debug|x86.ActiveCfg = Debug|Win32
		{51BA80A9-3E2E-453C-9645-7579391D22C4}.Debug|x86.Build.0 = Debug|Win32
		{51BA80A9-3E2E-453C-9645-7579391D22C4}.Release|x64.ActiveCfg = Release|x64
		{51BA80A9-3E2E-453C-9645-7579391D22C4}.Release|x64.Build.0 = Release|x64
		{51BA80A9-3E2E-453C-9645-7579391D22C4}.Release|x86.ActiveCfg = Release|Win32
		{51BA80A9-3E2E-453C-9645-7579391D22C4}.Release|x86.Build.0 = Release|Win32
		{4997E454-B085-43DE-9882-972E8DD7CFAB}.Debug|x64.ActiveCfg = Debug|x64
		{4997E454-B085-43DE-9882-972E8DD7CFAB}.Debug|x64.Build.0 = Debug|x64
		{4997E454-B085-43DE-9882-972E8DD7CFAB}.Debug|x86.ActiveCfg = Debug|Win32
		{4997E454-B085-43DE-9882-972E8DD7CFAB}.Debug|x86.Build.0 = Debug|Win32
		{4997E454-B085-43DE-9882-972E8DD7CFAB}.Release|x64.ActiveCfg = Release|x64
		{4997E454-B085-43DE-9882-972E8DD7CFAB}.Release|x64.Build.0 = Release|x64
		{4997E454-B085-43DE-9882-972E8DD7CFAB}.Release|x86.ActiveCfg = Release|Win32
		{4997E454-B085-43DE-9882-972E8DD7CFAB}.Release|x86.Build.0 = Release|Win32
		{C75DD565-BC42-4225-B98E-F430D4794A24}.Debug|x64.ActiveCfg = Debug|x64
		{C75DD565-BC42-4225-B98E-F430D4794A24}.Debug|x64.Build.0 = Debug|x64
		{C75DD565-BC42-4225-B98E-F430D4794A24}.Debug|x86.ActiveCfg = Debug|Win32
		{C75DD565-BC42-4225-B98E-F430D4794A24}.Debug|x86.Build.0 = Debug|Win32
		{C75DD565-BC42-4225-B98E-F430D4794A24}.Release|x64.ActiveCfg = Release|x64
		{C75DD565-BC42-4225-B98E-F430D4794A24}.Release|x64.Build.0 = Release|x64
		{C75DD565-BC42-4225-B98E-F430D4794A24}.Release|x86.ActiveCfg = Release|Win32
		{C75DD565-BC42-4225-B98E-F430D4794A24}.Release|x86.Build.0 = Release|Win32
		{39EC4662-351C-4322-94F7-CA7FAD0BF0B2}.Debug|x64.ActiveCfg = Debug|x64
		{39EC4662-351C-4322-94F7-CA7FAD0BF0B2}.Debug|x64.Build.0 = Debug|x64
		{39EC4662-351C-4322-94F7-CA7FAD0BF0B2}.Debug|x86.ActiveCfg = Debug|Win32
		{39EC4662-351C-4322-94F7-CA7FAD0BF0B2}.Debug|x86.Build.0 = Debug|Win32
		{39EC4662-351C-4322-94F7-CA7FAD0BF0B2}.Release|x64.ActiveCfg = Release|x64
		{39EC4662-351C-4322-94F7-CA7FAD0BF0B2}.Release|x64.Build.0 = Release|x64
		{39EC4662-351C-4322-94F7-CA7FAD0BF0B2}.Release|x86.ActiveCfg = Release|Win32
		{39EC4662-351C-4322-94F7-CA7FAD0BF0B2}.Release|x86.Build.0 = Release|Win32
		{CF24E5FF-EACC-4049-9E8E-A28B8AE0895D}.Debug|x64.ActiveCfg = Debug|x64
		{CF24E5FF-EACC-4049-9E8E-A28B8AE0895D}.Debug|x64.Build.0 = Debug|x64
		{CF24E5FF-EACC-4049-9E8E-A28B8AE0895D}.Debug|x86.ActiveCfg = Debug|Win32
		{CF24E5FF-EACC-4049-9E8E-A28B8AE0895D}.Debug|x86.Build.0 = Debug|Win32
		{CF24E5FF-EACC-4049-9E8E-A28B8AE0895D}.Release|x64.ActiveCfg = Release|x64
		{CF24E5FF-EACC-4049-9E8E-A28B8AE0895D}.Release|x64.Build.0 = Release|x64
		{CF24E5FF-EACC-4049-9E8E-A28B8AE0895D}.Release|x86.ActiveCfg = Release|Win32
		{CF24E5FF-EACC-4049-9E8E-A28B8AE0895D}.Release|x86.Build.0 = Release|Win32
		{17466466-8A1D-4A89-8020-393FC2AB64F2}.Debug|x64.ActiveCfg = Debug|x64
		{17466466-8A1D-4A89-8020-393FC2AB64F2}.Debug|x64.Build.0 = Debug|x64
		{17466466-8A1D-4A89-8020-393FC2AB64F2}.Debug|x86.ActiveCfg = Debug|Win32
		{17466466-8A1D-4A89-8020-393FC2AB64F2}.Debug|x86.Build.0 = Debug|Win32
		{17466466-8A1D-4A89-8020-393FC2AB64F2}.Release|x64.ActiveCfg = Release|x64
		{17466466-8A1D-4A89-8020-393FC2AB64F2}.Release|x64.Build.0 = Release|x64
		{17466466-8A1D-4A89-8020-393FC2AB64F2}.Release|x86.ActiveCfg = Release|Win32
		{17466466-8A1D-4A89-8020-393FC2AB64F2}.Release|x86.Build.0 = Release|Win32
		{F530006A-AFF0-4D27-8026-ABCA6461DB70}.Debug|x64.ActiveCfg = Debug|x64
		{F530006A-AFF0-4D27-8026-ABCA6461DB70}.Debug|x64.Build.0 = Debug|x64
		{F530006A-AFF0-4D27-8026-ABCA6461DB70}.Debug|x86.ActiveCfg = Debug|Win32
		{F530006A-AFF0-4D27-8026-ABCA6461DB70}.Debug|x86.Build.0 = Debug|Win32
		{F530006A-AFF0-4D27-8026-ABCA6461DB70}.Release|x64.ActiveCfg = Release|x64
		{F530006A-AFF0-4D27-8026-ABCA6461DB70}.Release|x64.Build.0 = Release|x64
		{F530006A-AFF0-4D27-8026-ABCA6461DB70}.Release|x86.ActiveCfg = Release|Win32
		{F530006A-AFF0-4D27-8026-ABCA6461DB70}.Release|x86.Build.0 = Release|Win32
		{B7B84146-F514-480E-A9B2-C5E99ED47606}.Debug|x64.ActiveCfg = Debug|x64
		{B7B84146-F514-480E-A9B2-C5E99ED47606}.Debug|x64.Build.0 = Debug|x64
		{B7B84146-F514-480E-A9B2-C5E99ED47606}.Debug|x86.ActiveCfg = Debug|Win32
		{B7B84146-F514-480E-A9B2-C5E99ED47606}.Debug|x86.Build.0 = Debug|Win32
		{B7B84146-F514-480E-A9B2-C5E99ED47606}.Release|x64.ActiveCfg = Release|x64
		{B7B84146-F514-480E-A9B2-C5E99ED47606}.Release|x64.Build.0 = Release|x64
		{B7B84146-F514-480E-A9B2-C5E99ED47606}.Release|x86.ActiveCfg = Release|Win32
		{B7B84146-F514-480E-A9B2-C5E99ED47606}.Release|x86.Build.0 = Release|Win32
		{02F9804C-4241-40F5-804E-14993681E0CD}.Debug|x64.ActiveCfg = Debug|x64
		{02F9804C-4241-40F5-804E-14993681E0CD}.Debug|x64.Build.0 = Debug|x64
		{02F9804C-4241-40F5-804E-14993681E0CD}.Debug|x86.ActiveCfg = Debug|Win32
		{02F9804C-4241-40F5-804E-14993681E0CD}.Debug|x86.Build.0 = Debug|Win32
		{02F9804C-4241-40F5-804E-14993681E0CD}.Release|x64.ActiveCfg = Release|x64
		{02F9804C-4241-40F5-804E-14993681E0CD}.Release|x64.Build.0 = Release|x64
		{02F9804C-4241-40F5-804E-14993681E0CD}.Release|x86.ActiveCfg = Release|Win32
		{02F9804C-4241-40F5-804E-14993681E0CD}.Release|x86.Build.0 = Release|Win32
		{A0EA3C4B-0A4D-48C8-8563-9654D7C9290B}.Debug|x64.ActiveCfg = Debug|x64
		{A0EA3C4B-0A4D-48C8-8563-9654D7C9290B}.Debug|x64.Build.0 = Debug|x64
		{A0EA3C4B-0A4D-48C8-8563-9654D7C9290B}.Debug|x86.ActiveCfg = Debug|Win32
		{A0EA3C4B-0A4D-48C8-8563-9654D7C9290B}.Debug|x86.Build.0 = Debug|Win32
		{A0EA3C4B-0A4D-48C8-8563-9654D7C9290B}.Release|x64.ActiveCfg = Release|x64
		{A0EA3C4B-0A4D-48C8-8563-9654D7C9290B}.Release|x64.Build.0 = Release|x64
		{A0EA3C4B-0A4D-48C8-8563-9654D7C9290B}.Release|x86.ActiveCfg = Release|Win32
		{A0EA3C4B-0A4D-48C8-8563-9654D7C9290B}.Release|x86.Build.0 = Release|Win32
		{2E051582-719F-4F30-8BFB-F9EBC2A8D622}.Debug|x64.ActiveCfg = Debug|x64
		{2E051582-719F-4F30-8BFB-F9EBC2A8D622}.Debug|x64.Build.0 = Debug|x64
		{2E051582-719F-4F30-8BFB-F9EBC2A8D622}.Debug|x86.ActiveCfg = Debug|Win32
		{2E051582-719F-4F30-8BFB-F9EBC2A8D622}.Debug|x86.Build.0 = Debug|Win32
		{2E051582-719F-4F30-8BFB-F9EBC2A8D622}.Release|x64.ActiveCfg = Release|x64
		{2E051582-719F-4F30-8BFB-F9EBC2A8D622}.Release|x64.Build.0 = Release|x64
		{2E051582-719F-4F30-8BFB-F9EBC2A8D622}.Release|x86.ActiveCfg = Release|Win32
		{2E051582-719F-4F30-8BFB-F9EBC2A8D622}.Release|x86.Build.0 = Release|Win32
	EndGlobalSection
	GlobalSection(SolutionProperties) = preSolution
		HideSolutionNode = FALSE
	EndGlobalSection
	GlobalSection(ExtensibilityGlobals) = postSolution
		SolutionGuid = {49E586B1-09DA-426C-AAB9-3EDDBF9BCD1E}
	EndGlobalSection
EndGlobal
